
Microsoft Visual Studio Solution File, Format Version 12.00
# Visual Studio 15
VisualStudioVersion = 15.0.27428.2015
MinimumVisualStudioVersion = 10.0.40219.1
Project("{FAE04EC0-301F-11D3-BF4B-00C04F79EFBC}") = "AHW5TASK1", "AHW5\AHW5TASK1.csproj", "{676AD78E-479A-492D-A89A-006A35A16F09}"
EndProject
Global
	GlobalSection(SolutionConfigurationPlatforms) = preSolution
		Debug|Any CPU = Debug|Any CPU
		Release|Any CPU = Release|Any CPU
	EndGlobalSection
	GlobalSection(ProjectConfigurationPlatforms) = postSolution
		{676AD78E-479A-492D-A89A-006A35A16F09}.Debug|Any CPU.ActiveCfg = Debug|Any CPU
		{676AD78E-479A-492D-A89A-006A35A16F09}.Debug|Any CPU.Build.0 = Debug|Any CPU
		{676AD78E-479A-492D-A89A-006A35A16F09}.Release|Any CPU.ActiveCfg = Release|Any CPU
		{676AD78E-479A-492D-A89A-006A35A16F09}.Release|Any CPU.Build.0 = Release|Any CPU
	EndGlobalSection
	GlobalSection(SolutionProperties) = preSolution
		HideSolutionNode = FALSE
	EndGlobalSection
	GlobalSection(ExtensibilityGlobals) = postSolution
		SolutionGuid = {A62569C7-4D43-4883-9E0A-2C3687CFB107}
	EndGlobalSection
EndGlobal
